
Microsoft Visual Studio Solution File, Format Version 12.00
# Visual Studio Version 17
VisualStudioVersion = 17.2.32519.379
MinimumVisualStudioVersion = 10.0.40219.1
Project("{F184B08F-C81C-45F6-A57F-5ABD9991F28F}") = "matrixapp", "matrixapp.vbproj", "{531DA303-0B50-4E3D-A345-0F92E7201EB3}"
	ProjectSection(ProjectDependencies) = postProject
		{0755A028-24CF-4D53-A022-422BBEBFD84D} = {0755A028-24CF-4D53-A022-422BBEBFD84D}
		{C07FABBB-C4E2-40B6-94D8-77CED9EAEF10} = {C07FABBB-C4E2-40B6-94D8-77CED9EAEF10}
	EndProjectSection
EndProject
Project("{9A19103F-16F7-4668-BE54-9A1E7A4F7556}") = "Common", "..\external-deps\BriefFiniteElement.Net-master\Sources\Common\Common.csproj", "{C07FABBB-C4E2-40B6-94D8-77CED9EAEF10}"
EndProject
Project("{9A19103F-16F7-4668-BE54-9A1E7A4F7556}") = "BriefFiniteElementNet", "..\external-deps\BriefFiniteElement.Net-master\Sources\BriefFiniteElementNet\BriefFiniteElementNet.csproj", "{0755A028-24CF-4D53-A022-422BBEBFD84D}"
EndProject
Global
	GlobalSection(SolutionConfigurationPlatforms) = preSolution
		Debug|Any CPU = Debug|Any CPU
		Release|Any CPU = Release|Any CPU
	EndGlobalSection
	GlobalSection(ProjectConfigurationPlatforms) = postSolution
		{531DA303-0B50-4E3D-A345-0F92E7201EB3}.Debug|Any CPU.ActiveCfg = Debug|Any CPU
		{531DA303-0B50-4E3D-A345-0F92E7201EB3}.Debug|Any CPU.Build.0 = Debug|Any CPU
		{531DA303-0B50-4E3D-A345-0F92E7201EB3}.Release|Any CPU.ActiveCfg = Release|Any CPU
		{531DA303-0B50-4E3D-A345-0F92E7201EB3}.Release|Any CPU.Build.0 = Release|Any CPU
		{C07FABBB-C4E2-40B6-94D8-77CED9EAEF10}.Debug|Any CPU.ActiveCfg = Debug|Any CPU
		{C07FABBB-C4E2-40B6-94D8-77CED9EAEF10}.Debug|Any CPU.Build.0 = Debug|Any CPU
		{C07FABBB-C4E2-40B6-94D8-77CED9EAEF10}.Release|Any CPU.ActiveCfg = Release|Any CPU
		{C07FABBB-C4E2-40B6-94D8-77CED9EAEF10}.Release|Any CPU.Build.0 = Release|Any CPU
		{0755A028-24CF-4D53-A022-422BBEBFD84D}.Debug|Any CPU.ActiveCfg = Debug|Any CPU
		{0755A028-24CF-4D53-A022-422BBEBFD84D}.Debug|Any CPU.Build.0 = Debug|Any CPU
		{0755A028-24CF-4D53-A022-422BBEBFD84D}.Release|Any CPU.ActiveCfg = Release|Any CPU
		{0755A028-24CF-4D53-A022-422BBEBFD84D}.Release|Any CPU.Build.0 = Release|Any CPU
	EndGlobalSection
	GlobalSection(SolutionProperties) = preSolution
		HideSolutionNode = FALSE
	EndGlobalSection
	GlobalSection(ExtensibilityGlobals) = postSolution
		SolutionGuid = {9005AEA1-DC80-4D49-B58F-EC5ED11943F5}
	EndGlobalSection
EndGlobal
